
Microsoft Visual Studio Solution File, Format Version 12.00
# Visual Studio Version 16
VisualStudioVersion = 16.0.31624.102
MinimumVisualStudioVersion = 10.0.40219.1
Project("{9A19103F-16F7-4668-BE54-9A1E7A4F7556}") = "VaccinationCampaignUI", "VaccinationCampaignUI\VaccinationCampaignUI.csproj", "{AD3BF98D-1373-4AFD-8004-028D86678121}"
EndProject
Project("{FAE04EC0-301F-11D3-BF4B-00C04F79EFBC}") = "GenerateData", "GenerateData\GenerateData.csproj", "{F1721B84-3F06-4D09-8FC5-092192A489A3}"
EndProject
Global
	GlobalSection(SolutionConfigurationPlatforms) = preSolution
		Debug|Any CPU = Debug|Any CPU
		Release|Any CPU = Release|Any CPU
	EndGlobalSection
	GlobalSection(ProjectConfigurationPlatforms) = postSolution
		{AD3BF98D-1373-4AFD-8004-028D86678121}.Debug|Any CPU.ActiveCfg = Debug|Any CPU
		{AD3BF98D-1373-4AFD-8004-028D86678121}.Debug|Any CPU.Build.0 = Debug|Any CPU
		{AD3BF98D-1373-4AFD-8004-028D86678121}.Release|Any CPU.ActiveCfg = Release|Any CPU
		{AD3BF98D-1373-4AFD-8004-028D86678121}.Release|Any CPU.Build.0 = Release|Any CPU
		{F1721B84-3F06-4D09-8FC5-092192A489A3}.Debug|Any CPU.ActiveCfg = Debug|Any CPU
		{F1721B84-3F06-4D09-8FC5-092192A489A3}.Debug|Any CPU.Build.0 = Debug|Any CPU
		{F1721B84-3F06-4D09-8FC5-092192A489A3}.Release|Any CPU.ActiveCfg = Release|Any CPU
		{F1721B84-3F06-4D09-8FC5-092192A489A3}.Release|Any CPU.Build.0 = Release|Any CPU
	EndGlobalSection
	GlobalSection(SolutionProperties) = preSolution
		HideSolutionNode = FALSE
	EndGlobalSection
	GlobalSection(ExtensibilityGlobals) = postSolution
		SolutionGuid = {B1EAA8F4-D054-43EB-99E3-7CC9F26D94AB}
	EndGlobalSection
EndGlobal
